
Microsoft Visual Studio Solution File, Format Version 12.00
# Visual Studio Version 16
VisualStudioVersion = 16.0.31005.135
MinimumVisualStudioVersion = 10.0.40219.1
Project("{FAE04EC0-301F-11D3-BF4B-00C04F79EFBC}") = "Health Tracker", "Health Tracker\Health Tracker.csproj", "{CE1D2261-7AC0-4FBA-A62D-2B4A18D9B225}"
EndProject
Global
	GlobalSection(SolutionConfigurationPlatforms) = preSolution
		Debug|Any CPU = Debug|Any CPU
		Release|Any CPU = Release|Any CPU
	EndGlobalSection
	GlobalSection(ProjectConfigurationPlatforms) = postSolution
		{CE1D2261-7AC0-4FBA-A62D-2B4A18D9B225}.Debug|Any CPU.ActiveCfg = Debug|Any CPU
		{CE1D2261-7AC0-4FBA-A62D-2B4A18D9B225}.Debug|Any CPU.Build.0 = Debug|Any CPU
		{CE1D2261-7AC0-4FBA-A62D-2B4A18D9B225}.Release|Any CPU.ActiveCfg = Release|Any CPU
		{CE1D2261-7AC0-4FBA-A62D-2B4A18D9B225}.Release|Any CPU.Build.0 = Release|Any CPU
	EndGlobalSection
	GlobalSection(SolutionProperties) = preSolution
		HideSolutionNode = FALSE
	EndGlobalSection
	GlobalSection(ExtensibilityGlobals) = postSolution
		SolutionGuid = {243FAE78-8B0E-4CBF-BB29-68B1F332C8C6}
	EndGlobalSection
EndGlobal
